// !$*UTF8*$!
{
	archiveVersion = 1;
	classes = {
	};
	objectVersion = 56;
	objects = {

/* Begin PBXBuildFile section */
		F87EB9B62B1C3A2800ADAA5B /* AMBASSING.mp3 in Resources */ = {isa = PBXBuildFile; fileRef = F87EB9B02B1C3A2700ADAA5B /* AMBASSING.mp3 */; };
		F87EB9B72B1C3A2800ADAA5B /* THANKYOUSOMUCH.mp3 in Resources */ = {isa = PBXBuildFile; fileRef = F87EB9B12B1C3A2700ADAA5B /* THANKYOUSOMUCH.mp3 */; };
		F87EB9B82B1C3A2800ADAA5B /* OMAYGOT.mp3 in Resources */ = {isa = PBXBuildFile; fileRef = F87EB9B22B1C3A2700ADAA5B /* OMAYGOT.mp3 */; };
		F87EB9B92B1C3A2800ADAA5B /* AMBATUKAM.mp3 in Resources */ = {isa = PBXBuildFile; fileRef = F87EB9B32B1C3A2700ADAA5B /* AMBATUKAM.mp3 */; };
		F87EB9BA2B1C3A2800ADAA5B /* AMBATUKAM2.mp3 in Resources */ = {isa = PBXBuildFile; fileRef = F87EB9B42B1C3A2700ADAA5B /* AMBATUKAM2.mp3 */; };
		F87EB9BB2B1C3A2800ADAA5B /* AMBATUNAT.mp3 in Resources */ = {isa = PBXBuildFile; fileRef = F87EB9B52B1C3A2800ADAA5B /* AMBATUNAT.mp3 */; };
		F87EB9C22B1C3BC500ADAA5B /* AmbatukamTodoListViewModel.swift in Sources */ = {isa = PBXBuildFile; fileRef = F87EB9C12B1C3BC500ADAA5B /* AmbatukamTodoListViewModel.swift */; };
		F87EB9C42B1C450600ADAA5B /* AddTodoListItemView.swift in Sources */ = {isa = PBXBuildFile; fileRef = F87EB9C32B1C450600ADAA5B /* AddTodoListItemView.swift */; };
		F87EB9CC2B1D885200ADAA5B /* AmbatukamTodoListDataModel.xcdatamodeld in Sources */ = {isa = PBXBuildFile; fileRef = F87EB9CA2B1D885200ADAA5B /* AmbatukamTodoListDataModel.xcdatamodeld */; };
		F87EB9CF2B1DA49C00ADAA5B /* SoundManager.swift in Sources */ = {isa = PBXBuildFile; fileRef = F87EB9CE2B1DA49C00ADAA5B /* SoundManager.swift */; };
		F87EB9D12B1DDAFB00ADAA5B /* AppDelegate.swift in Sources */ = {isa = PBXBuildFile; fileRef = F87EB9D02B1DDAFB00ADAA5B /* AppDelegate.swift */; };
		F8EB65562B1ABCA600C7DFDE /* AmbatukamTodoListApp.swift in Sources */ = {isa = PBXBuildFile; fileRef = F8EB65552B1ABCA600C7DFDE /* AmbatukamTodoListApp.swift */; };
		F8EB65582B1ABCA600C7DFDE /* ListView.swift in Sources */ = {isa = PBXBuildFile; fileRef = F8EB65572B1ABCA600C7DFDE /* ListView.swift */; };
		F8EB655A2B1ABCA700C7DFDE /* Assets.xcassets in Resources */ = {isa = PBXBuildFile; fileRef = F8EB65592B1ABCA700C7DFDE /* Assets.xcassets */; };
		F8EB655D2B1ABCA700C7DFDE /* Preview Assets.xcassets in Resources */ = {isa = PBXBuildFile; fileRef = F8EB655C2B1ABCA700C7DFDE /* Preview Assets.xcassets */; };
/* End PBXBuildFile section */

/* Begin PBXFileReference section */
		F87EB9B02B1C3A2700ADAA5B /* AMBASSING.mp3 */ = {isa = PBXFileReference; lastKnownFileType = audio.mp3; path = AMBASSING.mp3; sourceTree = "<group>"; };
		F87EB9B12B1C3A2700ADAA5B /* THANKYOUSOMUCH.mp3 */ = {isa = PBXFileReference; lastKnownFileType = audio.mp3; path = THANKYOUSOMUCH.mp3; sourceTree = "<group>"; };
		F87EB9B22B1C3A2700ADAA5B /* OMAYGOT.mp3 */ = {isa = PBXFileReference; lastKnownFileType = audio.mp3; path = OMAYGOT.mp3; sourceTree = "<group>"; };
		F87EB9B32B1C3A2700ADAA5B /* AMBATUKAM.mp3 */ = {isa = PBXFileReference; lastKnownFileType = audio.mp3; path = AMBATUKAM.mp3; sourceTree = "<group>"; };
		F87EB9B42B1C3A2700ADAA5B /* AMBATUKAM2.mp3 */ = {isa = PBXFileReference; lastKnownFileType = audio.mp3; path = AMBATUKAM2.mp3; sourceTree = "<group>"; };
		F87EB9B52B1C3A2800ADAA5B /* AMBATUNAT.mp3 */ = {isa = PBXFileReference; lastKnownFileType = audio.mp3; path = AMBATUNAT.mp3; sourceTree = "<group>"; };
		F87EB9C12B1C3BC500ADAA5B /* AmbatukamTodoListViewModel.swift */ = {isa = PBXFileReference; lastKnownFileType = sourcecode.swift; path = AmbatukamTodoListViewModel.swift; sourceTree = "<group>"; };
		F87EB9C32B1C450600ADAA5B /* AddTodoListItemView.swift */ = {isa = PBXFileReference; lastKnownFileType = sourcecode.swift; path = AddTodoListItemView.swift; sourceTree = "<group>"; };
		F87EB9CB2B1D885200ADAA5B /* AmbatukamTodoListDataModel.xcdatamodel */ = {isa = PBXFileReference; lastKnownFileType = wrapper.xcdatamodel; path = AmbatukamTodoListDataModel.xcdatamodel; sourceTree = "<group>"; };
		F87EB9CE2B1DA49C00ADAA5B /* SoundManager.swift */ = {isa = PBXFileReference; lastKnownFileType = sourcecode.swift; path = SoundManager.swift; sourceTree = "<group>"; };
		F87EB9D02B1DDAFB00ADAA5B /* AppDelegate.swift */ = {isa = PBXFileReference; lastKnownFileType = sourcecode.swift; path = AppDelegate.swift; sourceTree = "<group>"; };
		F8EB65522B1ABCA600C7DFDE /* AmbatukamTodoList.app */ = {isa = PBXFileReference; explicitFileType = wrapper.application; includeInIndex = 0; path = AmbatukamTodoList.app; sourceTree = BUILT_PRODUCTS_DIR; };
		F8EB65552B1ABCA600C7DFDE /* AmbatukamTodoListApp.swift */ = {isa = PBXFileReference; lastKnownFileType = sourcecode.swift; path = AmbatukamTodoListApp.swift; sourceTree = "<group>"; };
		F8EB65572B1ABCA600C7DFDE /* ListView.swift */ = {isa = PBXFileReference; lastKnownFileType = sourcecode.swift; path = ListView.swift; sourceTree = "<group>"; };
		F8EB65592B1ABCA700C7DFDE /* Assets.xcassets */ = {isa = PBXFileReference; lastKnownFileType = folder.assetcatalog; path = Assets.xcassets; sourceTree = "<group>"; };
		F8EB655C2B1ABCA700C7DFDE /* Preview Assets.xcassets */ = {isa = PBXFileReference; lastKnownFileType = folder.assetcatalog; path = "Preview Assets.xcassets"; sourceTree = "<group>"; };
/* End PBXFileReference section */

/* Begin PBXFrameworksBuildPhase section */
		F8EB654F2B1ABCA600C7DFDE /* Frameworks */ = {
			isa = PBXFrameworksBuildPhase;
			buildActionMask = 2147483647;
			files = (
			);
			runOnlyForDeploymentPostprocessing = 0;
		};
/* End PBXFrameworksBuildPhase section */

/* Begin PBXGroup section */
		F87EB9AF2B1C3A1D00ADAA5B /* Sound */ = {
			isa = PBXGroup;
			children = (
				F87EB9B02B1C3A2700ADAA5B /* AMBASSING.mp3 */,
				F87EB9B32B1C3A2700ADAA5B /* AMBATUKAM.mp3 */,
				F87EB9B42B1C3A2700ADAA5B /* AMBATUKAM2.mp3 */,
				F87EB9B52B1C3A2800ADAA5B /* AMBATUNAT.mp3 */,
				F87EB9B22B1C3A2700ADAA5B /* OMAYGOT.mp3 */,
				F87EB9B12B1C3A2700ADAA5B /* THANKYOUSOMUCH.mp3 */,
			);
			path = Sound;
			sourceTree = "<group>";
		};
		F87EB9BC2B1C3AA500ADAA5B /* Views */ = {
			isa = PBXGroup;
			children = (
				F8EB65572B1ABCA600C7DFDE /* ListView.swift */,
				F87EB9C32B1C450600ADAA5B /* AddTodoListItemView.swift */,
			);
			path = Views;
			sourceTree = "<group>";
		};
		F87EB9BD2B1C3AB000ADAA5B /* ViewModels */ = {
			isa = PBXGroup;
			children = (
				F87EB9C12B1C3BC500ADAA5B /* AmbatukamTodoListViewModel.swift */,
			);
			path = ViewModels;
			sourceTree = "<group>";
		};
		F87EB9C92B1C695100ADAA5B /* Models */ = {
			isa = PBXGroup;
			children = (
				F87EB9CA2B1D885200ADAA5B /* AmbatukamTodoListDataModel.xcdatamodeld */,
			);
			path = Models;
			sourceTree = "<group>";
		};
		F87EB9CD2B1DA49100ADAA5B /* Supporting */ = {
			isa = PBXGroup;
			children = (
				F87EB9CE2B1DA49C00ADAA5B /* SoundManager.swift */,
				F87EB9D02B1DDAFB00ADAA5B /* AppDelegate.swift */,
			);
			path = Supporting;
			sourceTree = "<group>";
		};
		F8EB65492B1ABCA600C7DFDE = {
			isa = PBXGroup;
			children = (
				F8EB65542B1ABCA600C7DFDE /* AmbatukamTodoList */,
				F8EB65532B1ABCA600C7DFDE /* Products */,
			);
			sourceTree = "<group>";
		};
		F8EB65532B1ABCA600C7DFDE /* Products */ = {
			isa = PBXGroup;
			children = (
				F8EB65522B1ABCA600C7DFDE /* AmbatukamTodoList.app */,
			);
			name = Products;
			sourceTree = "<group>";
		};
		F8EB65542B1ABCA600C7DFDE /* AmbatukamTodoList */ = {
			isa = PBXGroup;
			children = (
				F87EB9CD2B1DA49100ADAA5B /* Supporting */,
				F87EB9C92B1C695100ADAA5B /* Models */,
				F87EB9BD2B1C3AB000ADAA5B /* ViewModels */,
				F87EB9BC2B1C3AA500ADAA5B /* Views */,
				F87EB9AF2B1C3A1D00ADAA5B /* Sound */,
				F8EB65552B1ABCA600C7DFDE /* AmbatukamTodoListApp.swift */,
				F8EB65592B1ABCA700C7DFDE /* Assets.xcassets */,
				F8EB655B2B1ABCA700C7DFDE /* Preview Content */,
			);
			path = AmbatukamTodoList;
			sourceTree = "<group>";
		};
		F8EB655B2B1ABCA700C7DFDE /* Preview Content */ = {
			isa = PBXGroup;
			children = (
				F8EB655C2B1ABCA700C7DFDE /* Preview Assets.xcassets */,
			);
			path = "Preview Content";
			sourceTree = "<group>";
		};
/* End PBXGroup section */

/* Begin PBXNativeTarget section */
		F8EB65512B1ABCA600C7DFDE /* AmbatukamTodoList */ = {
			isa = PBXNativeTarget;
			buildConfigurationList = F8EB65602B1ABCA700C7DFDE /* Build configuration list for PBXNativeTarget "AmbatukamTodoList" */;
			buildPhases = (
				F8EB654E2B1ABCA600C7DFDE /* Sources */,
				F8EB654F2B1ABCA600C7DFDE /* Frameworks */,
				F8EB65502B1ABCA600C7DFDE /* Resources */,
			);
			buildRules = (
			);
			dependencies = (
			);
			name = AmbatukamTodoList;
			productName = AmbatukamTodoList;
			productReference = F8EB65522B1ABCA600C7DFDE /* AmbatukamTodoList.app */;
			productType = "com.apple.product-type.application";
		};
/* End PBXNativeTarget section */

/* Begin PBXProject section */
		F8EB654A2B1ABCA600C7DFDE /* Project object */ = {
			isa = PBXProject;
			attributes = {
				BuildIndependentTargetsInParallel = 1;
				LastSwiftUpdateCheck = 1430;
				LastUpgradeCheck = 1430;
				TargetAttributes = {
					F8EB65512B1ABCA600C7DFDE = {
						CreatedOnToolsVersion = 14.3.1;
					};
				};
			};
			buildConfigurationList = F8EB654D2B1ABCA600C7DFDE /* Build configuration list for PBXProject "AmbatukamTodoList" */;
			compatibilityVersion = "Xcode 14.0";
			developmentRegion = en;
			hasScannedForEncodings = 0;
			knownRegions = (
				en,
				Base,
			);
			mainGroup = F8EB65492B1ABCA600C7DFDE;
			productRefGroup = F8EB65532B1ABCA600C7DFDE /* Products */;
			projectDirPath = "";
			projectRoot = "";
			targets = (
				F8EB65512B1ABCA600C7DFDE /* AmbatukamTodoList */,
			);
		};
/* End PBXProject section */

/* Begin PBXResourcesBuildPhase section */
		F8EB65502B1ABCA600C7DFDE /* Resources */ = {
			isa = PBXResourcesBuildPhase;
			buildActionMask = 2147483647;
			files = (
				F87EB9BB2B1C3A2800ADAA5B /* AMBATUNAT.mp3 in Resources */,
				F8EB655D2B1ABCA700C7DFDE /* Preview Assets.xcassets in Resources */,
				F8EB655A2B1ABCA700C7DFDE /* Assets.xcassets in Resources */,
				F87EB9B92B1C3A2800ADAA5B /* AMBATUKAM.mp3 in Resources */,
				F87EB9B72B1C3A2800ADAA5B /* THANKYOUSOMUCH.mp3 in Resources */,
				F87EB9BA2B1C3A2800ADAA5B /* AMBATUKAM2.mp3 in Resources */,
				F87EB9B82B1C3A2800ADAA5B /* OMAYGOT.mp3 in Resources */,
				F87EB9B62B1C3A2800ADAA5B /* AMBASSING.mp3 in Resources */,
			);
			runOnlyForDeploymentPostprocessing = 0;
		};
/* End PBXResourcesBuildPhase section */

/* Begin PBXSourcesBuildPhase section */
		F8EB654E2B1ABCA600C7DFDE /* Sources */ = {
			isa = PBXSourcesBuildPhase;
			buildActionMask = 2147483647;
			files = (
				F87EB9C22B1C3BC500ADAA5B /* AmbatukamTodoListViewModel.swift in Sources */,
				F87EB9CC2B1D885200ADAA5B /* AmbatukamTodoListDataModel.xcdatamodeld in Sources */,
				F8EB65582B1ABCA600C7DFDE /* ListView.swift in Sources */,
				F8EB65562B1ABCA600C7DFDE /* AmbatukamTodoListApp.swift in Sources */,
				F87EB9D12B1DDAFB00ADAA5B /* AppDelegate.swift in Sources */,
				F87EB9C42B1C450600ADAA5B /* AddTodoListItemView.swift in Sources */,
				F87EB9CF2B1DA49C00ADAA5B /* SoundManager.swift in Sources */,
			);
			runOnlyForDeploymentPostprocessing = 0;
		};
/* End PBXSourcesBuildPhase section */

/* Begin XCBuildConfiguration section */
		F8EB655E2B1ABCA700C7DFDE /* Debug */ = {
			isa = XCBuildConfiguration;
			buildSettings = {
				ALWAYS_SEARCH_USER_PATHS = NO;
				CLANG_ANALYZER_NONNULL = YES;
				CLANG_ANALYZER_NUMBER_OBJECT_CONVERSION = YES_AGGRESSIVE;
				CLANG_CXX_LANGUAGE_STANDARD = "gnu++20";
				CLANG_ENABLE_MODULES = YES;
				CLANG_ENABLE_OBJC_ARC = YES;
				CLANG_ENABLE_OBJC_WEAK = YES;
				CLANG_WARN_BLOCK_CAPTURE_AUTORELEASING = YES;
				CLANG_WARN_BOOL_CONVERSION = YES;
				CLANG_WARN_COMMA = YES;
				CLANG_WARN_CONSTANT_CONVERSION = YES;
				CLANG_WARN_DEPRECATED_OBJC_IMPLEMENTATIONS = YES;
				CLANG_WARN_DIRECT_OBJC_ISA_USAGE = YES_ERROR;
				CLANG_WARN_DOCUMENTATION_COMMENTS = YES;
				CLANG_WARN_EMPTY_BODY = YES;
				CLANG_WARN_ENUM_CONVERSION = YES;
				CLANG_WARN_INFINITE_RECURSION = YES;
				CLANG_WARN_INT_CONVERSION = YES;
				CLANG_WARN_NON_LITERAL_NULL_CONVERSION = YES;
				CLANG_WARN_OBJC_IMPLICIT_RETAIN_SELF = YES;
				CLANG_WARN_OBJC_LITERAL_CONVERSION = YES;
				CLANG_WARN_OBJC_ROOT_CLASS = YES_ERROR;
				CLANG_WARN_QUOTED_INCLUDE_IN_FRAMEWORK_HEADER = YES;
				CLANG_WARN_RANGE_LOOP_ANALYSIS = YES;
				CLANG_WARN_STRICT_PROTOTYPES = YES;
				CLANG_WARN_SUSPICIOUS_MOVE = YES;
				CLANG_WARN_UNGUARDED_AVAILABILITY = YES_AGGRESSIVE;
				CLANG_WARN_UNREACHABLE_CODE = YES;
				CLANG_WARN__DUPLICATE_METHOD_MATCH = YES;
				COPY_PHASE_STRIP = NO;
				DEBUG_INFORMATION_FORMAT = dwarf;
				ENABLE_STRICT_OBJC_MSGSEND = YES;
				ENABLE_TESTABILITY = YES;
				GCC_C_LANGUAGE_STANDARD = gnu11;
				GCC_DYNAMIC_NO_PIC = NO;
				GCC_NO_COMMON_BLOCKS = YES;
				GCC_OPTIMIZATION_LEVEL = 0;
				GCC_PREPROCESSOR_DEFINITIONS = (
					"DEBUG=1",
					"$(inherited)",
				);
				GCC_WARN_64_TO_32_BIT_CONVERSION = YES;
				GCC_WARN_ABOUT_RETURN_TYPE = YES_ERROR;
				GCC_WARN_UNDECLARED_SELECTOR = YES;
				GCC_WARN_UNINITIALIZED_AUTOS = YES_AGGRESSIVE;
				GCC_WARN_UNUSED_FUNCTION = YES;
				GCC_WARN_UNUSED_VARIABLE = YES;
				IPHONEOS_DEPLOYMENT_TARGET = 16.4;
				MTL_ENABLE_DEBUG_INFO = INCLUDE_SOURCE;
				MTL_FAST_MATH = YES;
				ONLY_ACTIVE_ARCH = YES;
				SDKROOT = iphoneos;
				SWIFT_ACTIVE_COMPILATION_CONDITIONS = DEBUG;
				SWIFT_OPTIMIZATION_LEVEL = "-Onone";
			};
			name = Debug;
		};
		F8EB655F2B1ABCA700C7DFDE /* Release */ = {
			isa = XCBuildConfiguration;
			buildSettings = {
				ALWAYS_SEARCH_USER_PATHS = NO;
				CLANG_ANALYZER_NONNULL = YES;
				CLANG_ANALYZER_NUMBER_OBJECT_CONVERSION = YES_AGGRESSIVE;
				CLANG_CXX_LANGUAGE_STANDARD = "gnu++20";
				CLANG_ENABLE_MODULES = YES;
				CLANG_ENABLE_OBJC_ARC = YES;
				CLANG_ENABLE_OBJC_WEAK = YES;
				CLANG_WARN_BLOCK_CAPTURE_AUTORELEASING = YES;
				CLANG_WARN_BOOL_CONVERSION = YES;
				CLANG_WARN_COMMA = YES;
				CLANG_WARN_CONSTANT_CONVERSION = YES;
				CLANG_WARN_DEPRECATED_OBJC_IMPLEMENTATIONS = YES;
				CLANG_WARN_DIRECT_OBJC_ISA_USAGE = YES_ERROR;
				CLANG_WARN_DOCUMENTATION_COMMENTS = YES;
				CLANG_WARN_EMPTY_BODY = YES;
				CLANG_WARN_ENUM_CONVERSION = YES;
				CLANG_WARN_INFINITE_RECURSION = YES;
				CLANG_WARN_INT_CONVERSION = YES;
				CLANG_WARN_NON_LITERAL_NULL_CONVERSION = YES;
				CLANG_WARN_OBJC_IMPLICIT_RETAIN_SELF = YES;
				CLANG_WARN_OBJC_LITERAL_CONVERSION = YES;
				CLANG_WARN_OBJC_ROOT_CLASS = YES_ERROR;
				CLANG_WARN_QUOTED_INCLUDE_IN_FRAMEWORK_HEADER = YES;
				CLANG_WARN_RANGE_LOOP_ANALYSIS = YES;
				CLANG_WARN_STRICT_PROTOTYPES = YES;
				CLANG_WARN_SUSPICIOUS_MOVE = YES;
				CLANG_WARN_UNGUARDED_AVAILABILITY = YES_AGGRESSIVE;
				CLANG_WARN_UNREACHABLE_CODE = YES;
				CLANG_WARN__DUPLICATE_METHOD_MATCH = YES;
				COPY_PHASE_STRIP = NO;
				DEBUG_INFORMATION_FORMAT = "dwarf-with-dsym";
				ENABLE_NS_ASSERTIONS = NO;
				ENABLE_STRICT_OBJC_MSGSEND = YES;
				GCC_C_LANGUAGE_STANDARD = gnu11;
				GCC_NO_COMMON_BLOCKS = YES;
				GCC_WARN_64_TO_32_BIT_CONVERSION = YES;
				GCC_WARN_ABOUT_RETURN_TYPE = YES_ERROR;
				GCC_WARN_UNDECLARED_SELECTOR = YES;
				GCC_WARN_UNINITIALIZED_AUTOS = YES_AGGRESSIVE;
				GCC_WARN_UNUSED_FUNCTION = YES;
				GCC_WARN_UNUSED_VARIABLE = YES;
				IPHONEOS_DEPLOYMENT_TARGET = 16.4;
				MTL_ENABLE_DEBUG_INFO = NO;
				MTL_FAST_MATH = YES;
				SDKROOT = iphoneos;
				SWIFT_COMPILATION_MODE = wholemodule;
				SWIFT_OPTIMIZATION_LEVEL = "-O";
				VALIDATE_PRODUCT = YES;
			};
			name = Release;
		};
		F8EB65612B1ABCA700C7DFDE /* Debug */ = {
			isa = XCBuildConfiguration;
			buildSettings = {
				ASSETCATALOG_COMPILER_APPICON_NAME = AppIcon;
				ASSETCATALOG_COMPILER_GLOBAL_ACCENT_COLOR_NAME = AccentColor;
				CODE_SIGN_STYLE = Automatic;
				CURRENT_PROJECT_VERSION = 1;
				DEVELOPMENT_ASSET_PATHS = "\"AmbatukamTodoList/Preview Content\"";
				DEVELOPMENT_TEAM = XAU9475CXA;
				ENABLE_PREVIEWS = YES;
				GENERATE_INFOPLIST_FILE = YES;
				INFOPLIST_KEY_UIApplicationSceneManifest_Generation = YES;
				INFOPLIST_KEY_UIApplicationSupportsIndirectInputEvents = YES;
				INFOPLIST_KEY_UILaunchScreen_Generation = YES;
				INFOPLIST_KEY_UIRequiresFullScreen = YES;
				INFOPLIST_KEY_UISupportedInterfaceOrientations = UIInterfaceOrientationPortrait;
				INFOPLIST_KEY_UISupportedInterfaceOrientations_iPad = "UIInterfaceOrientationPortrait UIInterfaceOrientationPortraitUpsideDown";
				IPHONEOS_DEPLOYMENT_TARGET = 16.0;
				LD_RUNPATH_SEARCH_PATHS = (
					"$(inherited)",
					"@executable_path/Frameworks",
				);
				MARKETING_VERSION = 1.0;
				PRODUCT_BUNDLE_IDENTIFIER = com.cipherlunis.AmbatukamTodoList;
				PRODUCT_NAME = "$(TARGET_NAME)";
				SWIFT_EMIT_LOC_STRINGS = YES;
				SWIFT_VERSION = 5.0;
				TARGETED_DEVICE_FAMILY = "1,2";
			};
			name = Debug;
		};
		F8EB65622B1ABCA700C7DFDE /* Release */ = {
			isa = XCBuildConfiguration;
			buildSettings = {
				ASSETCATALOG_COMPILER_APPICON_NAME = AppIcon;
				ASSETCATALOG_COMPILER_GLOBAL_ACCENT_COLOR_NAME = AccentColor;
				CODE_SIGN_STYLE = Automatic;
				CURRENT_PROJECT_VERSION = 1;
				DEVELOPMENT_ASSET_PATHS = "\"AmbatukamTodoList/Preview Content\"";
				DEVELOPMENT_TEAM = XAU9475CXA;
				ENABLE_PREVIEWS = YES;
				GENERATE_INFOPLIST_FILE = YES;
				INFOPLIST_KEY_UIApplicationSceneManifest_Generation = YES;
				INFOPLIST_KEY_UIApplicationSupportsIndirectInputEvents = YES;
				INFOPLIST_KEY_UILaunchScreen_Generation = YES;
				INFOPLIST_KEY_UIRequiresFullScreen = YES;
				INFOPLIST_KEY_UISupportedInterfaceOrientations = UIInterfaceOrientationPortrait;
				INFOPLIST_KEY_UISupportedInterfaceOrientations_iPad = "UIInterfaceOrientationPortrait UIInterfaceOrientationPortraitUpsideDown";
				IPHONEOS_DEPLOYMENT_TARGET = 16.0;
				LD_RUNPATH_SEARCH_PATHS = (
					"$(inherited)",
					"@executable_path/Frameworks",
				);
				MARKETING_VERSION = 1.0;
				PRODUCT_BUNDLE_IDENTIFIER = com.cipherlunis.AmbatukamTodoList;
				PRODUCT_NAME = "$(TARGET_NAME)";
				SWIFT_EMIT_LOC_STRINGS = YES;
				SWIFT_VERSION = 5.0;
				TARGETED_DEVICE_FAMILY = "1,2";
			};
			name = Release;
		};
/* End XCBuildConfiguration section */

/* Begin XCConfigurationList section */
		F8EB654D2B1ABCA600C7DFDE /* Build configuration list for PBXProject "AmbatukamTodoList" */ = {
			isa = XCConfigurationList;
			buildConfigurations = (
				F8EB655E2B1ABCA700C7DFDE /* Debug */,
				F8EB655F2B1ABCA700C7DFDE /* Release */,
			);
			defaultConfigurationIsVisible = 0;
			defaultConfigurationName = Release;
		};
		F8EB65602B1ABCA700C7DFDE /* Build configuration list for PBXNativeTarget "AmbatukamTodoList" */ = {
			isa = XCConfigurationList;
			buildConfigurations = (
				F8EB65612B1ABCA700C7DFDE /* Debug */,
				F8EB65622B1ABCA700C7DFDE /* Release */,
			);
			defaultConfigurationIsVisible = 0;
			defaultConfigurationName = Release;
		};
/* End XCConfigurationList section */

/* Begin XCVersionGroup section */
		F87EB9CA2B1D885200ADAA5B /* AmbatukamTodoListDataModel.xcdatamodeld */ = {
			isa = XCVersionGroup;
			children = (
				F87EB9CB2B1D885200ADAA5B /* AmbatukamTodoListDataModel.xcdatamodel */,
			);
			currentVersion = F87EB9CB2B1D885200ADAA5B /* AmbatukamTodoListDataModel.xcdatamodel */;
			path = AmbatukamTodoListDataModel.xcdatamodeld;
			sourceTree = "<group>";
			versionGroupType = wrapper.xcdatamodel;
		};
/* End XCVersionGroup section */
	};
	rootObject = F8EB654A2B1ABCA600C7DFDE /* Project object */;
}
